# This file is automatically @generated by Poetry 1.8.3 and should not be changed by hand.

[[package]]
name = "inputimeout"
version = "1.0.4"
description = "Multi platform standard input with timeout"
optional = false
python-versions = ">=3.4"
files = [
    {file = "inputimeout-1.0.4-py3-none-any.whl", hash = "sha256:f4e23d27753cfc25268eefc8d52a3edc46280ad831d226617c51882423475a43"},
]

[[package]]
name = "pyperclip"
version = "1.9.0"
description = "A cross-platform clipboard module for Python. (Only handles plain text for now.)"
optional = false
python-versions = "*"
files = [
    {file = "pyperclip-1.9.0.tar.gz", hash = "sha256:b7de0142ddc81bfc5c7507eea19da920b92252b548b96186caf94a5e2527d310"},
]

[metadata]
lock-version = "2.0"
python-versions = "^3.12"
content-hash = "bd676bac8ca58ba4f41080ec9144b28c3cc4593a24c0443d48fa5a1b3ea225b9"
